// !$*UTF8*$!
{
	archiveVersion = 1;
	classes = {
	};
	objectVersion = 56;
	objects = {

/* Begin PBXBuildFile section */
		939C7BF02CD071BE001A337A /* HabitHiveApp.swift in Sources */ = {isa = PBXBuildFile; fileRef = 939C7BEF2CD071BE001A337A /* HabitHiveApp.swift */; };
		939C7BF22CD071BE001A337A /* ContentView.swift in Sources */ = {isa = PBXBuildFile; fileRef = 939C7BF12CD071BE001A337A /* ContentView.swift */; };
		939C7BF42CD071C0001A337A /* Assets.xcassets in Resources */ = {isa = PBXBuildFile; fileRef = 939C7BF32CD071C0001A337A /* Assets.xcassets */; };
		939C7BF72CD071C0001A337A /* Preview Assets.xcassets in Resources */ = {isa = PBXBuildFile; fileRef = 939C7BF62CD071C0001A337A /* Preview Assets.xcassets */; };
		939C7BFE2CD19FB2001A337A /* LoginView.swift in Sources */ = {isa = PBXBuildFile; fileRef = 939C7BFD2CD19FB2001A337A /* LoginView.swift */; };
		939C7C002CD1A4A2001A337A /* RegisterView.swift in Sources */ = {isa = PBXBuildFile; fileRef = 939C7BFF2CD1A4A2001A337A /* RegisterView.swift */; };
		939C7C022CD1A4BA001A337A /* AuthManager.swift in Sources */ = {isa = PBXBuildFile; fileRef = 939C7C012CD1A4BA001A337A /* AuthManager.swift */; };
		939C7C042CD1A672001A337A /* GoogleService-Info.plist in Resources */ = {isa = PBXBuildFile; fileRef = 939C7C032CD1A672001A337A /* GoogleService-Info.plist */; };
		939C7C0A2CD1A737001A337A /* FirebaseAuth in Frameworks */ = {isa = PBXBuildFile; productRef = 939C7C092CD1A737001A337A /* FirebaseAuth */; };
		939C7C0C2CD1A743001A337A /* FirebaseFirestore in Frameworks */ = {isa = PBXBuildFile; productRef = 939C7C0B2CD1A743001A337A /* FirebaseFirestore */; };
		939C7C0E2CD1B071001A337A /* HomeView.swift in Sources */ = {isa = PBXBuildFile; fileRef = 939C7C0D2CD1B071001A337A /* HomeView.swift */; };
		939C7C172CDEE944001A337A /* HabitListView.swift in Sources */ = {isa = PBXBuildFile; fileRef = 939C7C162CDEE944001A337A /* HabitListView.swift */; };
		939C7C192CDEE954001A337A /* ShopView.swift in Sources */ = {isa = PBXBuildFile; fileRef = 939C7C182CDEE954001A337A /* ShopView.swift */; };
		939C7C1B2CDEE960001A337A /* AchievementsView.swift in Sources */ = {isa = PBXBuildFile; fileRef = 939C7C1A2CDEE960001A337A /* AchievementsView.swift */; };
		939C7C1D2CE16F4A001A337A /* HabitManager.swift in Sources */ = {isa = PBXBuildFile; fileRef = 939C7C1C2CE16F4A001A337A /* HabitManager.swift */; };
		939C7C1F2CE170E6001A337A /* HabitResponse.swift in Sources */ = {isa = PBXBuildFile; fileRef = 939C7C1E2CE170E6001A337A /* HabitResponse.swift */; };
/* End PBXBuildFile section */

/* Begin PBXFileReference section */
		939C7BEC2CD071BE001A337A /* HabitHive.app */ = {isa = PBXFileReference; explicitFileType = wrapper.application; includeInIndex = 0; path = HabitHive.app; sourceTree = BUILT_PRODUCTS_DIR; };
		939C7BEF2CD071BE001A337A /* HabitHiveApp.swift */ = {isa = PBXFileReference; lastKnownFileType = sourcecode.swift; path = HabitHiveApp.swift; sourceTree = "<group>"; };
		939C7BF12CD071BE001A337A /* ContentView.swift */ = {isa = PBXFileReference; lastKnownFileType = sourcecode.swift; path = ContentView.swift; sourceTree = "<group>"; };
		939C7BF32CD071C0001A337A /* Assets.xcassets */ = {isa = PBXFileReference; lastKnownFileType = folder.assetcatalog; path = Assets.xcassets; sourceTree = "<group>"; };
		939C7BF62CD071C0001A337A /* Preview Assets.xcassets */ = {isa = PBXFileReference; lastKnownFileType = folder.assetcatalog; path = "Preview Assets.xcassets"; sourceTree = "<group>"; };
		939C7BFD2CD19FB2001A337A /* LoginView.swift */ = {isa = PBXFileReference; lastKnownFileType = sourcecode.swift; path = LoginView.swift; sourceTree = "<group>"; };
		939C7BFF2CD1A4A2001A337A /* RegisterView.swift */ = {isa = PBXFileReference; lastKnownFileType = sourcecode.swift; path = RegisterView.swift; sourceTree = "<group>"; };
		939C7C012CD1A4BA001A337A /* AuthManager.swift */ = {isa = PBXFileReference; lastKnownFileType = sourcecode.swift; path = AuthManager.swift; sourceTree = "<group>"; };
		939C7C032CD1A672001A337A /* GoogleService-Info.plist */ = {isa = PBXFileReference; fileEncoding = 4; lastKnownFileType = text.plist.xml; path = "GoogleService-Info.plist"; sourceTree = "<group>"; };
		939C7C0D2CD1B071001A337A /* HomeView.swift */ = {isa = PBXFileReference; lastKnownFileType = sourcecode.swift; path = HomeView.swift; sourceTree = "<group>"; };
		939C7C162CDEE944001A337A /* HabitListView.swift */ = {isa = PBXFileReference; lastKnownFileType = sourcecode.swift; path = HabitListView.swift; sourceTree = "<group>"; };
		939C7C182CDEE954001A337A /* ShopView.swift */ = {isa = PBXFileReference; lastKnownFileType = sourcecode.swift; path = ShopView.swift; sourceTree = "<group>"; };
		939C7C1A2CDEE960001A337A /* AchievementsView.swift */ = {isa = PBXFileReference; lastKnownFileType = sourcecode.swift; path = AchievementsView.swift; sourceTree = "<group>"; };
		939C7C1C2CE16F4A001A337A /* HabitManager.swift */ = {isa = PBXFileReference; lastKnownFileType = sourcecode.swift; path = HabitManager.swift; sourceTree = "<group>"; };
		939C7C1E2CE170E6001A337A /* HabitResponse.swift */ = {isa = PBXFileReference; lastKnownFileType = sourcecode.swift; path = HabitResponse.swift; sourceTree = "<group>"; };
/* End PBXFileReference section */

/* Begin PBXFrameworksBuildPhase section */
		939C7BE92CD071BE001A337A /* Frameworks */ = {
			isa = PBXFrameworksBuildPhase;
			buildActionMask = 2147483647;
			files = (
				939C7C0A2CD1A737001A337A /* FirebaseAuth in Frameworks */,
				939C7C0C2CD1A743001A337A /* FirebaseFirestore in Frameworks */,
			);
			runOnlyForDeploymentPostprocessing = 0;
		};
/* End PBXFrameworksBuildPhase section */

/* Begin PBXGroup section */
		939C7BE32CD071BE001A337A = {
			isa = PBXGroup;
			children = (
				939C7BEE2CD071BE001A337A /* HabitHive */,
				939C7BED2CD071BE001A337A /* Products */,
				939C7C082CD1A737001A337A /* Frameworks */,
			);
			sourceTree = "<group>";
		};
		939C7BED2CD071BE001A337A /* Products */ = {
			isa = PBXGroup;
			children = (
				939C7BEC2CD071BE001A337A /* HabitHive.app */,
			);
			name = Products;
			sourceTree = "<group>";
		};
		939C7BEE2CD071BE001A337A /* HabitHive */ = {
			isa = PBXGroup;
			children = (
				939C7BFD2CD19FB2001A337A /* LoginView.swift */,
				939C7BFF2CD1A4A2001A337A /* RegisterView.swift */,
				939C7BF12CD071BE001A337A /* ContentView.swift */,
				939C7C0D2CD1B071001A337A /* HomeView.swift */,
				939C7C162CDEE944001A337A /* HabitListView.swift */,
				939C7C182CDEE954001A337A /* ShopView.swift */,
				939C7C1A2CDEE960001A337A /* AchievementsView.swift */,
				939C7BEF2CD071BE001A337A /* HabitHiveApp.swift */,
				939C7C012CD1A4BA001A337A /* AuthManager.swift */,
				939C7C1C2CE16F4A001A337A /* HabitManager.swift */,
				939C7C1E2CE170E6001A337A /* HabitResponse.swift */,
				939C7BF32CD071C0001A337A /* Assets.xcassets */,
				939C7C032CD1A672001A337A /* GoogleService-Info.plist */,
				939C7BF52CD071C0001A337A /* Preview Content */,
			);
			path = HabitHive;
			sourceTree = "<group>";
		};
		939C7BF52CD071C0001A337A /* Preview Content */ = {
			isa = PBXGroup;
			children = (
				939C7BF62CD071C0001A337A /* Preview Assets.xcassets */,
			);
			path = "Preview Content";
			sourceTree = "<group>";
		};
		939C7C082CD1A737001A337A /* Frameworks */ = {
			isa = PBXGroup;
			children = (
			);
			name = Frameworks;
			sourceTree = "<group>";
		};
/* End PBXGroup section */

/* Begin PBXNativeTarget section */
		939C7BEB2CD071BE001A337A /* HabitHive */ = {
			isa = PBXNativeTarget;
			buildConfigurationList = 939C7BFA2CD071C0001A337A /* Build configuration list for PBXNativeTarget "HabitHive" */;
			buildPhases = (
				939C7BE82CD071BE001A337A /* Sources */,
				939C7BE92CD071BE001A337A /* Frameworks */,
				939C7BEA2CD071BE001A337A /* Resources */,
			);
			buildRules = (
			);
			dependencies = (
			);
			name = HabitHive;
			packageProductDependencies = (
				939C7C092CD1A737001A337A /* FirebaseAuth */,
				939C7C0B2CD1A743001A337A /* FirebaseFirestore */,
			);
			productName = HabitHive;
			productReference = 939C7BEC2CD071BE001A337A /* HabitHive.app */;
			productType = "com.apple.product-type.application";
		};
/* End PBXNativeTarget section */

/* Begin PBXProject section */
		939C7BE42CD071BE001A337A /* Project object */ = {
			isa = PBXProject;
			attributes = {
				BuildIndependentTargetsInParallel = 1;
				LastSwiftUpdateCheck = 1540;
				LastUpgradeCheck = 1540;
				TargetAttributes = {
					939C7BEB2CD071BE001A337A = {
						CreatedOnToolsVersion = 15.4;
					};
				};
			};
			buildConfigurationList = 939C7BE72CD071BE001A337A /* Build configuration list for PBXProject "HabitHive" */;
			compatibilityVersion = "Xcode 14.0";
			developmentRegion = en;
			hasScannedForEncodings = 0;
			knownRegions = (
				en,
				Base,
			);
			mainGroup = 939C7BE32CD071BE001A337A;
			packageReferences = (
				939C7C072CD1A713001A337A /* XCRemoteSwiftPackageReference "firebase-ios-sdk" */,
			);
			productRefGroup = 939C7BED2CD071BE001A337A /* Products */;
			projectDirPath = "";
			projectRoot = "";
			targets = (
				939C7BEB2CD071BE001A337A /* HabitHive */,
			);
		};
/* End PBXProject section */

/* Begin PBXResourcesBuildPhase section */
		939C7BEA2CD071BE001A337A /* Resources */ = {
			isa = PBXResourcesBuildPhase;
			buildActionMask = 2147483647;
			files = (
				939C7BF72CD071C0001A337A /* Preview Assets.xcassets in Resources */,
				939C7C042CD1A672001A337A /* GoogleService-Info.plist in Resources */,
				939C7BF42CD071C0001A337A /* Assets.xcassets in Resources */,
			);
			runOnlyForDeploymentPostprocessing = 0;
		};
/* End PBXResourcesBuildPhase section */

/* Begin PBXSourcesBuildPhase section */
		939C7BE82CD071BE001A337A /* Sources */ = {
			isa = PBXSourcesBuildPhase;
			buildActionMask = 2147483647;
			files = (
				939C7BFE2CD19FB2001A337A /* LoginView.swift in Sources */,
				939C7C1B2CDEE960001A337A /* AchievementsView.swift in Sources */,
				939C7C002CD1A4A2001A337A /* RegisterView.swift in Sources */,
				939C7BF22CD071BE001A337A /* ContentView.swift in Sources */,
				939C7C1D2CE16F4A001A337A /* HabitManager.swift in Sources */,
				939C7C0E2CD1B071001A337A /* HomeView.swift in Sources */,
				939C7C1F2CE170E6001A337A /* HabitResponse.swift in Sources */,
				939C7BF02CD071BE001A337A /* HabitHiveApp.swift in Sources */,
				939C7C022CD1A4BA001A337A /* AuthManager.swift in Sources */,
				939C7C192CDEE954001A337A /* ShopView.swift in Sources */,
				939C7C172CDEE944001A337A /* HabitListView.swift in Sources */,
			);
			runOnlyForDeploymentPostprocessing = 0;
		};
/* End PBXSourcesBuildPhase section */

/* Begin XCBuildConfiguration section */
		939C7BF82CD071C0001A337A /* Debug */ = {
			isa = XCBuildConfiguration;
			buildSettings = {
				ALWAYS_SEARCH_USER_PATHS = NO;
				ASSETCATALOG_COMPILER_GENERATE_SWIFT_ASSET_SYMBOL_EXTENSIONS = YES;
				CLANG_ANALYZER_NONNULL = YES;
				CLANG_ANALYZER_NUMBER_OBJECT_CONVERSION = YES_AGGRESSIVE;
				CLANG_CXX_LANGUAGE_STANDARD = "gnu++20";
				CLANG_ENABLE_MODULES = YES;
				CLANG_ENABLE_OBJC_ARC = YES;
				CLANG_ENABLE_OBJC_WEAK = YES;
				CLANG_WARN_BLOCK_CAPTURE_AUTORELEASING = YES;
				CLANG_WARN_BOOL_CONVERSION = YES;
				CLANG_WARN_COMMA = YES;
				CLANG_WARN_CONSTANT_CONVERSION = YES;
				CLANG_WARN_DEPRECATED_OBJC_IMPLEMENTATIONS = YES;
				CLANG_WARN_DIRECT_OBJC_ISA_USAGE = YES_ERROR;
				CLANG_WARN_DOCUMENTATION_COMMENTS = YES;
				CLANG_WARN_EMPTY_BODY = YES;
				CLANG_WARN_ENUM_CONVERSION = YES;
				CLANG_WARN_INFINITE_RECURSION = YES;
				CLANG_WARN_INT_CONVERSION = YES;
				CLANG_WARN_NON_LITERAL_NULL_CONVERSION = YES;
				CLANG_WARN_OBJC_IMPLICIT_RETAIN_SELF = YES;
				CLANG_WARN_OBJC_LITERAL_CONVERSION = YES;
				CLANG_WARN_OBJC_ROOT_CLASS = YES_ERROR;
				CLANG_WARN_QUOTED_INCLUDE_IN_FRAMEWORK_HEADER = YES;
				CLANG_WARN_RANGE_LOOP_ANALYSIS = YES;
				CLANG_WARN_STRICT_PROTOTYPES = YES;
				CLANG_WARN_SUSPICIOUS_MOVE = YES;
				CLANG_WARN_UNGUARDED_AVAILABILITY = YES_AGGRESSIVE;
				CLANG_WARN_UNREACHABLE_CODE = YES;
				CLANG_WARN__DUPLICATE_METHOD_MATCH = YES;
				COPY_PHASE_STRIP = NO;
				DEBUG_INFORMATION_FORMAT = dwarf;
				ENABLE_STRICT_OBJC_MSGSEND = YES;
				ENABLE_TESTABILITY = YES;
				ENABLE_USER_SCRIPT_SANDBOXING = YES;
				GCC_C_LANGUAGE_STANDARD = gnu17;
				GCC_DYNAMIC_NO_PIC = NO;
				GCC_NO_COMMON_BLOCKS = YES;
				GCC_OPTIMIZATION_LEVEL = 0;
				GCC_PREPROCESSOR_DEFINITIONS = (
					"DEBUG=1",
					"$(inherited)",
				);
				GCC_WARN_64_TO_32_BIT_CONVERSION = YES;
				GCC_WARN_ABOUT_RETURN_TYPE = YES_ERROR;
				GCC_WARN_UNDECLARED_SELECTOR = YES;
				GCC_WARN_UNINITIALIZED_AUTOS = YES_AGGRESSIVE;
				GCC_WARN_UNUSED_FUNCTION = YES;
				GCC_WARN_UNUSED_VARIABLE = YES;
				IPHONEOS_DEPLOYMENT_TARGET = 17.5;
				LOCALIZATION_PREFERS_STRING_CATALOGS = YES;
				MTL_ENABLE_DEBUG_INFO = INCLUDE_SOURCE;
				MTL_FAST_MATH = YES;
				ONLY_ACTIVE_ARCH = YES;
				SDKROOT = iphoneos;
				SWIFT_ACTIVE_COMPILATION_CONDITIONS = "DEBUG $(inherited)";
				SWIFT_OPTIMIZATION_LEVEL = "-Onone";
			};
			name = Debug;
		};
		939C7BF92CD071C0001A337A /* Release */ = {
			isa = XCBuildConfiguration;
			buildSettings = {
				ALWAYS_SEARCH_USER_PATHS = NO;
				ASSETCATALOG_COMPILER_GENERATE_SWIFT_ASSET_SYMBOL_EXTENSIONS = YES;
				CLANG_ANALYZER_NONNULL = YES;
				CLANG_ANALYZER_NUMBER_OBJECT_CONVERSION = YES_AGGRESSIVE;
				CLANG_CXX_LANGUAGE_STANDARD = "gnu++20";
				CLANG_ENABLE_MODULES = YES;
				CLANG_ENABLE_OBJC_ARC = YES;
				CLANG_ENABLE_OBJC_WEAK = YES;
				CLANG_WARN_BLOCK_CAPTURE_AUTORELEASING = YES;
				CLANG_WARN_BOOL_CONVERSION = YES;
				CLANG_WARN_COMMA = YES;
				CLANG_WARN_CONSTANT_CONVERSION = YES;
				CLANG_WARN_DEPRECATED_OBJC_IMPLEMENTATIONS = YES;
				CLANG_WARN_DIRECT_OBJC_ISA_USAGE = YES_ERROR;
				CLANG_WARN_DOCUMENTATION_COMMENTS = YES;
				CLANG_WARN_EMPTY_BODY = YES;
				CLANG_WARN_ENUM_CONVERSION = YES;
				CLANG_WARN_INFINITE_RECURSION = YES;
				CLANG_WARN_INT_CONVERSION = YES;
				CLANG_WARN_NON_LITERAL_NULL_CONVERSION = YES;
				CLANG_WARN_OBJC_IMPLICIT_RETAIN_SELF = YES;
				CLANG_WARN_OBJC_LITERAL_CONVERSION = YES;
				CLANG_WARN_OBJC_ROOT_CLASS = YES_ERROR;
				CLANG_WARN_QUOTED_INCLUDE_IN_FRAMEWORK_HEADER = YES;
				CLANG_WARN_RANGE_LOOP_ANALYSIS = YES;
				CLANG_WARN_STRICT_PROTOTYPES = YES;
				CLANG_WARN_SUSPICIOUS_MOVE = YES;
				CLANG_WARN_UNGUARDED_AVAILABILITY = YES_AGGRESSIVE;
				CLANG_WARN_UNREACHABLE_CODE = YES;
				CLANG_WARN__DUPLICATE_METHOD_MATCH = YES;
				COPY_PHASE_STRIP = NO;
				DEBUG_INFORMATION_FORMAT = "dwarf-with-dsym";
				ENABLE_NS_ASSERTIONS = NO;
				ENABLE_STRICT_OBJC_MSGSEND = YES;
				ENABLE_USER_SCRIPT_SANDBOXING = YES;
				GCC_C_LANGUAGE_STANDARD = gnu17;
				GCC_NO_COMMON_BLOCKS = YES;
				GCC_WARN_64_TO_32_BIT_CONVERSION = YES;
				GCC_WARN_ABOUT_RETURN_TYPE = YES_ERROR;
				GCC_WARN_UNDECLARED_SELECTOR = YES;
				GCC_WARN_UNINITIALIZED_AUTOS = YES_AGGRESSIVE;
				GCC_WARN_UNUSED_FUNCTION = YES;
				GCC_WARN_UNUSED_VARIABLE = YES;
				IPHONEOS_DEPLOYMENT_TARGET = 17.5;
				LOCALIZATION_PREFERS_STRING_CATALOGS = YES;
				MTL_ENABLE_DEBUG_INFO = NO;
				MTL_FAST_MATH = YES;
				SDKROOT = iphoneos;
				SWIFT_COMPILATION_MODE = wholemodule;
				VALIDATE_PRODUCT = YES;
			};
			name = Release;
		};
		939C7BFB2CD071C0001A337A /* Debug */ = {
			isa = XCBuildConfiguration;
			buildSettings = {
				ASSETCATALOG_COMPILER_APPICON_NAME = AppIcon;
				ASSETCATALOG_COMPILER_GLOBAL_ACCENT_COLOR_NAME = AccentColor;
				CODE_SIGN_STYLE = Automatic;
				CURRENT_PROJECT_VERSION = 1;
				DEVELOPMENT_ASSET_PATHS = "\"HabitHive/Preview Content\"";
				DEVELOPMENT_TEAM = RDM8JZ3H5Y;
				ENABLE_PREVIEWS = YES;
				GENERATE_INFOPLIST_FILE = YES;
				INFOPLIST_KEY_UIApplicationSceneManifest_Generation = YES;
				INFOPLIST_KEY_UIApplicationSupportsIndirectInputEvents = YES;
				INFOPLIST_KEY_UILaunchScreen_Generation = YES;
				INFOPLIST_KEY_UISupportedInterfaceOrientations_iPad = "UIInterfaceOrientationPortrait UIInterfaceOrientationPortraitUpsideDown UIInterfaceOrientationLandscapeLeft UIInterfaceOrientationLandscapeRight";
				INFOPLIST_KEY_UISupportedInterfaceOrientations_iPhone = "UIInterfaceOrientationPortrait UIInterfaceOrientationLandscapeLeft UIInterfaceOrientationLandscapeRight";
				LD_RUNPATH_SEARCH_PATHS = (
					"$(inherited)",
					"@executable_path/Frameworks",
				);
				MARKETING_VERSION = 1.0;
				PRODUCT_BUNDLE_IDENTIFIER = anthonyirizarry.HabitHive;
				PRODUCT_NAME = "$(TARGET_NAME)";
				SWIFT_EMIT_LOC_STRINGS = YES;
				SWIFT_VERSION = 5.0;
				TARGETED_DEVICE_FAMILY = "1,2";
			};
			name = Debug;
		};
		939C7BFC2CD071C0001A337A /* Release */ = {
			isa = XCBuildConfiguration;
			buildSettings = {
				ASSETCATALOG_COMPILER_APPICON_NAME = AppIcon;
				ASSETCATALOG_COMPILER_GLOBAL_ACCENT_COLOR_NAME = AccentColor;
				CODE_SIGN_STYLE = Automatic;
				CURRENT_PROJECT_VERSION = 1;
				DEVELOPMENT_ASSET_PATHS = "\"HabitHive/Preview Content\"";
				DEVELOPMENT_TEAM = RDM8JZ3H5Y;
				ENABLE_PREVIEWS = YES;
				GENERATE_INFOPLIST_FILE = YES;
				INFOPLIST_KEY_UIApplicationSceneManifest_Generation = YES;
				INFOPLIST_KEY_UIApplicationSupportsIndirectInputEvents = YES;
				INFOPLIST_KEY_UILaunchScreen_Generation = YES;
				INFOPLIST_KEY_UISupportedInterfaceOrientations_iPad = "UIInterfaceOrientationPortrait UIInterfaceOrientationPortraitUpsideDown UIInterfaceOrientationLandscapeLeft UIInterfaceOrientationLandscapeRight";
				INFOPLIST_KEY_UISupportedInterfaceOrientations_iPhone = "UIInterfaceOrientationPortrait UIInterfaceOrientationLandscapeLeft UIInterfaceOrientationLandscapeRight";
				LD_RUNPATH_SEARCH_PATHS = (
					"$(inherited)",
					"@executable_path/Frameworks",
				);
				MARKETING_VERSION = 1.0;
				PRODUCT_BUNDLE_IDENTIFIER = anthonyirizarry.HabitHive;
				PRODUCT_NAME = "$(TARGET_NAME)";
				SWIFT_EMIT_LOC_STRINGS = YES;
				SWIFT_VERSION = 5.0;
				TARGETED_DEVICE_FAMILY = "1,2";
			};
			name = Release;
		};
/* End XCBuildConfiguration section */

/* Begin XCConfigurationList section */
		939C7BE72CD071BE001A337A /* Build configuration list for PBXProject "HabitHive" */ = {
			isa = XCConfigurationList;
			buildConfigurations = (
				939C7BF82CD071C0001A337A /* Debug */,
				939C7BF92CD071C0001A337A /* Release */,
			);
			defaultConfigurationIsVisible = 0;
			defaultConfigurationName = Release;
		};
		939C7BFA2CD071C0001A337A /* Build configuration list for PBXNativeTarget "HabitHive" */ = {
			isa = XCConfigurationList;
			buildConfigurations = (
				939C7BFB2CD071C0001A337A /* Debug */,
				939C7BFC2CD071C0001A337A /* Release */,
			);
			defaultConfigurationIsVisible = 0;
			defaultConfigurationName = Release;
		};
/* End XCConfigurationList section */

/* Begin XCRemoteSwiftPackageReference section */
		939C7C072CD1A713001A337A /* XCRemoteSwiftPackageReference "firebase-ios-sdk" */ = {
			isa = XCRemoteSwiftPackageReference;
			repositoryURL = "https://github.com/firebase/firebase-ios-sdk";
			requirement = {
				kind = upToNextMajorVersion;
				minimumVersion = 11.4.0;
			};
		};
/* End XCRemoteSwiftPackageReference section */

/* Begin XCSwiftPackageProductDependency section */
		939C7C092CD1A737001A337A /* FirebaseAuth */ = {
			isa = XCSwiftPackageProductDependency;
			package = 939C7C072CD1A713001A337A /* XCRemoteSwiftPackageReference "firebase-ios-sdk" */;
			productName = FirebaseAuth;
		};
		939C7C0B2CD1A743001A337A /* FirebaseFirestore */ = {
			isa = XCSwiftPackageProductDependency;
			package = 939C7C072CD1A713001A337A /* XCRemoteSwiftPackageReference "firebase-ios-sdk" */;
			productName = FirebaseFirestore;
		};
/* End XCSwiftPackageProductDependency section */
	};
	rootObject = 939C7BE42CD071BE001A337A /* Project object */;
}
